
Microsoft Visual Studio Solution File, Format Version 12.00
# Visual Studio Version 17
VisualStudioVersion = 17.5.33502.453
MinimumVisualStudioVersion = 10.0.40219.1
Project("{2150E333-8FDC-42A3-9474-1A3956D46DE8}") = "HJMST", "HJMST", "{790FD32F-35AB-496F-A67B-5148C96E456C}"
EndProject
Project("{2150E333-8FDC-42A3-9474-1A3956D46DE8}") = "Api", "Api", "{60ACD798-D2C3-4964-A0EE-81AF7E11F97F}"
EndProject
Project("{2150E333-8FDC-42A3-9474-1A3956D46DE8}") = "Application", "Application", "{110B9600-29C9-4B9A-89EF-C6B8A24A7A19}"
EndProject
Project("{2150E333-8FDC-42A3-9474-1A3956D46DE8}") = "Domain", "Domain", "{4300E327-E9EA-4FD6-9DCB-88BDD7845130}"
EndProject
Project("{2150E333-8FDC-42A3-9474-1A3956D46DE8}") = "Persistence", "Persistence", "{C0BC1098-4D66-4D1D-952A-FE36B229C927}"
EndProject
Project("{2150E333-8FDC-42A3-9474-1A3956D46DE8}") = "Core", "Core", "{18292897-8DC5-456F-9DD2-97B2AA187FB0}"
EndProject
Project("{9A19103F-16F7-4668-BE54-9A1E7A4F7556}") = "HJMST.Api", "HJMST\HJMST.Api.csproj", "{DD47005F-2301-4688-B241-DCC8D655C20F}"
EndProject
Project("{9A19103F-16F7-4668-BE54-9A1E7A4F7556}") = "HJMST.Application", "HJMST.Application\HJMST.Application.csproj", "{ACD9EB04-79FD-45B9-B35B-06B9C0AB5C27}"
EndProject
Project("{9A19103F-16F7-4668-BE54-9A1E7A4F7556}") = "HJMST.Core", "HJMST.Core\HJMST.Core.csproj", "{98949A72-475C-4D44-91D7-5D367469751E}"
EndProject
Project("{9A19103F-16F7-4668-BE54-9A1E7A4F7556}") = "HJMST.Domain", "HJMST.Domain\HJMST.Domain.csproj", "{4E87C31C-3A99-4C59-8AA1-7945BAA162C8}"
EndProject
Project("{9A19103F-16F7-4668-BE54-9A1E7A4F7556}") = "HJMST.Persistence", "HJMST.Persistence\HJMST.Persistence.csproj", "{F299BE17-3952-43B8-B5A6-43FCA9CE72D9}"
EndProject
Global
	GlobalSection(SolutionConfigurationPlatforms) = preSolution
		Debug|Any CPU = Debug|Any CPU
		Release|Any CPU = Release|Any CPU
	EndGlobalSection
	GlobalSection(ProjectConfigurationPlatforms) = postSolution
		{DD47005F-2301-4688-B241-DCC8D655C20F}.Debug|Any CPU.ActiveCfg = Debug|Any CPU
		{DD47005F-2301-4688-B241-DCC8D655C20F}.Debug|Any CPU.Build.0 = Debug|Any CPU
		{DD47005F-2301-4688-B241-DCC8D655C20F}.Release|Any CPU.ActiveCfg = Release|Any CPU
		{DD47005F-2301-4688-B241-DCC8D655C20F}.Release|Any CPU.Build.0 = Release|Any CPU
		{ACD9EB04-79FD-45B9-B35B-06B9C0AB5C27}.Debug|Any CPU.ActiveCfg = Debug|Any CPU
		{ACD9EB04-79FD-45B9-B35B-06B9C0AB5C27}.Debug|Any CPU.Build.0 = Debug|Any CPU
		{ACD9EB04-79FD-45B9-B35B-06B9C0AB5C27}.Release|Any CPU.ActiveCfg = Release|Any CPU
		{ACD9EB04-79FD-45B9-B35B-06B9C0AB5C27}.Release|Any CPU.Build.0 = Release|Any CPU
		{98949A72-475C-4D44-91D7-5D367469751E}.Debug|Any CPU.ActiveCfg = Debug|Any CPU
		{98949A72-475C-4D44-91D7-5D367469751E}.Debug|Any CPU.Build.0 = Debug|Any CPU
		{98949A72-475C-4D44-91D7-5D367469751E}.Release|Any CPU.ActiveCfg = Release|Any CPU
		{98949A72-475C-4D44-91D7-5D367469751E}.Release|Any CPU.Build.0 = Release|Any CPU
		{4E87C31C-3A99-4C59-8AA1-7945BAA162C8}.Debug|Any CPU.ActiveCfg = Debug|Any CPU
		{4E87C31C-3A99-4C59-8AA1-7945BAA162C8}.Debug|Any CPU.Build.0 = Debug|Any CPU
		{4E87C31C-3A99-4C59-8AA1-7945BAA162C8}.Release|Any CPU.ActiveCfg = Release|Any CPU
		{4E87C31C-3A99-4C59-8AA1-7945BAA162C8}.Release|Any CPU.Build.0 = Release|Any CPU
		{F299BE17-3952-43B8-B5A6-43FCA9CE72D9}.Debug|Any CPU.ActiveCfg = Debug|Any CPU
		{F299BE17-3952-43B8-B5A6-43FCA9CE72D9}.Debug|Any CPU.Build.0 = Debug|Any CPU
		{F299BE17-3952-43B8-B5A6-43FCA9CE72D9}.Release|Any CPU.ActiveCfg = Release|Any CPU
		{F299BE17-3952-43B8-B5A6-43FCA9CE72D9}.Release|Any CPU.Build.0 = Release|Any CPU
	EndGlobalSection
	GlobalSection(SolutionProperties) = preSolution
		HideSolutionNode = FALSE
	EndGlobalSection
	GlobalSection(NestedProjects) = preSolution
		{60ACD798-D2C3-4964-A0EE-81AF7E11F97F} = {790FD32F-35AB-496F-A67B-5148C96E456C}
		{110B9600-29C9-4B9A-89EF-C6B8A24A7A19} = {790FD32F-35AB-496F-A67B-5148C96E456C}
		{4300E327-E9EA-4FD6-9DCB-88BDD7845130} = {790FD32F-35AB-496F-A67B-5148C96E456C}
		{C0BC1098-4D66-4D1D-952A-FE36B229C927} = {790FD32F-35AB-496F-A67B-5148C96E456C}
		{18292897-8DC5-456F-9DD2-97B2AA187FB0} = {790FD32F-35AB-496F-A67B-5148C96E456C}
		{DD47005F-2301-4688-B241-DCC8D655C20F} = {60ACD798-D2C3-4964-A0EE-81AF7E11F97F}
		{ACD9EB04-79FD-45B9-B35B-06B9C0AB5C27} = {110B9600-29C9-4B9A-89EF-C6B8A24A7A19}
		{98949A72-475C-4D44-91D7-5D367469751E} = {18292897-8DC5-456F-9DD2-97B2AA187FB0}
		{4E87C31C-3A99-4C59-8AA1-7945BAA162C8} = {4300E327-E9EA-4FD6-9DCB-88BDD7845130}
		{F299BE17-3952-43B8-B5A6-43FCA9CE72D9} = {C0BC1098-4D66-4D1D-952A-FE36B229C927}
	EndGlobalSection
	GlobalSection(ExtensibilityGlobals) = postSolution
		SolutionGuid = {E8B2A965-1FD4-4196-9B3C-05085FE98FAF}
	EndGlobalSection
EndGlobal
